
Microsoft Visual Studio Solution File, Format Version 12.00
# Visual Studio Version 16
VisualStudioVersion = 16.0.29215.179
MinimumVisualStudioVersion = 10.0.40219.1
Project("{9A19103F-16F7-4668-BE54-9A1E7A4F7556}") = "001-Opgave25-1", "001-Opgave25-1\001-Opgave25-1.csproj", "{48B40FFF-9EFD-4845-9A15-5B2EE6F5DAC2}"
EndProject
Project("{9A19103F-16F7-4668-BE54-9A1E7A4F7556}") = "002-Opgave40-1", "002-Opgave40-1\002-Opgave40-1.csproj", "{B4E9D148-63EF-4081-86D4-9FE08D00FD38}"
EndProject
Project("{9A19103F-16F7-4668-BE54-9A1E7A4F7556}") = "003-Opgave40-2", "003-Opgave40-2\003-Opgave40-2.csproj", "{3F41764E-48A0-423F-98A8-287634F68179}"
EndProject
Project("{9A19103F-16F7-4668-BE54-9A1E7A4F7556}") = "004-Opgave40-3", "004-Opgave40-3\004-Opgave40-3.csproj", "{9B8B25A8-FC18-46F9-ACCB-5629B143FB3D}"
EndProject
Project("{9A19103F-16F7-4668-BE54-9A1E7A4F7556}") = "005-Opgave45-1", "005-Opgave45-1\005-Opgave45-1.csproj", "{EC3B7FF5-F23A-4736-9E2F-393D19B8CF18}"
EndProject
Project("{9A19103F-16F7-4668-BE54-9A1E7A4F7556}") = "006-Opgave45-2", "006-Opgave45-2\006-Opgave45-2.csproj", "{7576230C-B0B6-4A48-B86E-AE016D25EC2B}"
EndProject
Project("{9A19103F-16F7-4668-BE54-9A1E7A4F7556}") = "007-Opgave48-1", "007-Opgave48-1\007-Opgave48-1.csproj", "{7AB04D11-F741-4852-90F9-4C0F7AE44244}"
EndProject
Project("{9A19103F-16F7-4668-BE54-9A1E7A4F7556}") = "008-Opgave50-1", "008-Opgave50-1\008-Opgave50-1.csproj", "{00D4AFAB-7535-4A12-99FB-D7AE1958F15B}"
EndProject
Project("{9A19103F-16F7-4668-BE54-9A1E7A4F7556}") = "009-Opgave50-2", "009-Opgave50-2\009-Opgave50-2.csproj", "{925F06F2-8272-4EEE-88C8-AC4D05B39034}"
EndProject
Project("{9A19103F-16F7-4668-BE54-9A1E7A4F7556}") = "010-Opgave50-3", "010-Opgave50-3\010-Opgave50-3.csproj", "{16EA5A4A-5FBE-4722-B129-EBD4BCDD2025}"
EndProject
Project("{9A19103F-16F7-4668-BE54-9A1E7A4F7556}") = "011-Opgave60-1", "011-Opgave60-1\011-Opgave60-1.csproj", "{4E211FB0-1A79-458E-974C-3818489AE9C2}"
EndProject
Project("{9A19103F-16F7-4668-BE54-9A1E7A4F7556}") = "012-Opgave60-2", "012-Opgave60-2\012-Opgave60-2.csproj", "{80D8137D-1C4E-493D-9716-977B1431F47A}"
EndProject
Project("{9A19103F-16F7-4668-BE54-9A1E7A4F7556}") = "013-Opgave60-3", "013-Opgave60-3\013-Opgave60-3.csproj", "{73144514-17E9-4995-8A8E-6C27925C8811}"
EndProject
Project("{9A19103F-16F7-4668-BE54-9A1E7A4F7556}") = "014-Opgave65-1", "014-Opgave65-1\014-Opgave65-1.csproj", "{25142E77-E036-4162-A9E0-6E285EADB8B0}"
EndProject
Project("{9A19103F-16F7-4668-BE54-9A1E7A4F7556}") = "015-Opgave65-2", "015-Opgave65-2\015-Opgave65-2.csproj", "{073298F0-478B-4DCC-A8A1-2E11F7B9CE88}"
EndProject
Global
	GlobalSection(SolutionConfigurationPlatforms) = preSolution
		Debug|Any CPU = Debug|Any CPU
		Release|Any CPU = Release|Any CPU
	EndGlobalSection
	GlobalSection(ProjectConfigurationPlatforms) = postSolution
		{48B40FFF-9EFD-4845-9A15-5B2EE6F5DAC2}.Debug|Any CPU.ActiveCfg = Debug|Any CPU
		{48B40FFF-9EFD-4845-9A15-5B2EE6F5DAC2}.Debug|Any CPU.Build.0 = Debug|Any CPU
		{48B40FFF-9EFD-4845-9A15-5B2EE6F5DAC2}.Release|Any CPU.ActiveCfg = Release|Any CPU
		{48B40FFF-9EFD-4845-9A15-5B2EE6F5DAC2}.Release|Any CPU.Build.0 = Release|Any CPU
		{B4E9D148-63EF-4081-86D4-9FE08D00FD38}.Debug|Any CPU.ActiveCfg = Debug|Any CPU
		{B4E9D148-63EF-4081-86D4-9FE08D00FD38}.Debug|Any CPU.Build.0 = Debug|Any CPU
		{B4E9D148-63EF-4081-86D4-9FE08D00FD38}.Release|Any CPU.ActiveCfg = Release|Any CPU
		{B4E9D148-63EF-4081-86D4-9FE08D00FD38}.Release|Any CPU.Build.0 = Release|Any CPU
		{3F41764E-48A0-423F-98A8-287634F68179}.Debug|Any CPU.ActiveCfg = Debug|Any CPU
		{3F41764E-48A0-423F-98A8-287634F68179}.Debug|Any CPU.Build.0 = Debug|Any CPU
		{3F41764E-48A0-423F-98A8-287634F68179}.Release|Any CPU.ActiveCfg = Release|Any CPU
		{3F41764E-48A0-423F-98A8-287634F68179}.Release|Any CPU.Build.0 = Release|Any CPU
		{9B8B25A8-FC18-46F9-ACCB-5629B143FB3D}.Debug|Any CPU.ActiveCfg = Debug|Any CPU
		{9B8B25A8-FC18-46F9-ACCB-5629B143FB3D}.Debug|Any CPU.Build.0 = Debug|Any CPU
		{9B8B25A8-FC18-46F9-ACCB-5629B143FB3D}.Release|Any CPU.ActiveCfg = Release|Any CPU
		{9B8B25A8-FC18-46F9-ACCB-5629B143FB3D}.Release|Any CPU.Build.0 = Release|Any CPU
		{EC3B7FF5-F23A-4736-9E2F-393D19B8CF18}.Debug|Any CPU.ActiveCfg = Debug|Any CPU
		{EC3B7FF5-F23A-4736-9E2F-393D19B8CF18}.Debug|Any CPU.Build.0 = Debug|Any CPU
		{EC3B7FF5-F23A-4736-9E2F-393D19B8CF18}.Release|Any CPU.ActiveCfg = Release|Any CPU
		{EC3B7FF5-F23A-4736-9E2F-393D19B8CF18}.Release|Any CPU.Build.0 = Release|Any CPU
		{7576230C-B0B6-4A48-B86E-AE016D25EC2B}.Debug|Any CPU.ActiveCfg = Debug|Any CPU
		{7576230C-B0B6-4A48-B86E-AE016D25EC2B}.Debug|Any CPU.Build.0 = Debug|Any CPU
		{7576230C-B0B6-4A48-B86E-AE016D25EC2B}.Release|Any CPU.ActiveCfg = Release|Any CPU
		{7576230C-B0B6-4A48-B86E-AE016D25EC2B}.Release|Any CPU.Build.0 = Release|Any CPU
		{7AB04D11-F741-4852-90F9-4C0F7AE44244}.Debug|Any CPU.ActiveCfg = Debug|Any CPU
		{7AB04D11-F741-4852-90F9-4C0F7AE44244}.Debug|Any CPU.Build.0 = Debug|Any CPU
		{7AB04D11-F741-4852-90F9-4C0F7AE44244}.Release|Any CPU.ActiveCfg = Release|Any CPU
		{7AB04D11-F741-4852-90F9-4C0F7AE44244}.Release|Any CPU.Build.0 = Release|Any CPU
		{00D4AFAB-7535-4A12-99FB-D7AE1958F15B}.Debug|Any CPU.ActiveCfg = Debug|Any CPU
		{00D4AFAB-7535-4A12-99FB-D7AE1958F15B}.Debug|Any CPU.Build.0 = Debug|Any CPU
		{00D4AFAB-7535-4A12-99FB-D7AE1958F15B}.Release|Any CPU.ActiveCfg = Release|Any CPU
		{00D4AFAB-7535-4A12-99FB-D7AE1958F15B}.Release|Any CPU.Build.0 = Release|Any CPU
		{925F06F2-8272-4EEE-88C8-AC4D05B39034}.Debug|Any CPU.ActiveCfg = Debug|Any CPU
		{925F06F2-8272-4EEE-88C8-AC4D05B39034}.Debug|Any CPU.Build.0 = Debug|Any CPU
		{925F06F2-8272-4EEE-88C8-AC4D05B39034}.Release|Any CPU.ActiveCfg = Release|Any CPU
		{925F06F2-8272-4EEE-88C8-AC4D05B39034}.Release|Any CPU.Build.0 = Release|Any CPU
		{16EA5A4A-5FBE-4722-B129-EBD4BCDD2025}.Debug|Any CPU.ActiveCfg = Debug|Any CPU
		{16EA5A4A-5FBE-4722-B129-EBD4BCDD2025}.Debug|Any CPU.Build.0 = Debug|Any CPU
		{16EA5A4A-5FBE-4722-B129-EBD4BCDD2025}.Release|Any CPU.ActiveCfg = Release|Any CPU
		{16EA5A4A-5FBE-4722-B129-EBD4BCDD2025}.Release|Any CPU.Build.0 = Release|Any CPU
		{4E211FB0-1A79-458E-974C-3818489AE9C2}.Debug|Any CPU.ActiveCfg = Debug|Any CPU
		{4E211FB0-1A79-458E-974C-3818489AE9C2}.Debug|Any CPU.Build.0 = Debug|Any CPU
		{4E211FB0-1A79-458E-974C-3818489AE9C2}.Release|Any CPU.ActiveCfg = Release|Any CPU
		{4E211FB0-1A79-458E-974C-3818489AE9C2}.Release|Any CPU.Build.0 = Release|Any CPU
		{80D8137D-1C4E-493D-9716-977B1431F47A}.Debug|Any CPU.ActiveCfg = Debug|Any CPU
		{80D8137D-1C4E-493D-9716-977B1431F47A}.Debug|Any CPU.Build.0 = Debug|Any CPU
		{80D8137D-1C4E-493D-9716-977B1431F47A}.Release|Any CPU.ActiveCfg = Release|Any CPU
		{80D8137D-1C4E-493D-9716-977B1431F47A}.Release|Any CPU.Build.0 = Release|Any CPU
		{73144514-17E9-4995-8A8E-6C27925C8811}.Debug|Any CPU.ActiveCfg = Debug|Any CPU
		{73144514-17E9-4995-8A8E-6C27925C8811}.Debug|Any CPU.Build.0 = Debug|Any CPU
		{73144514-17E9-4995-8A8E-6C27925C8811}.Release|Any CPU.ActiveCfg = Release|Any CPU
		{73144514-17E9-4995-8A8E-6C27925C8811}.Release|Any CPU.Build.0 = Release|Any CPU
		{25142E77-E036-4162-A9E0-6E285EADB8B0}.Debug|Any CPU.ActiveCfg = Debug|Any CPU
		{25142E77-E036-4162-A9E0-6E285EADB8B0}.Debug|Any CPU.Build.0 = Debug|Any CPU
		{25142E77-E036-4162-A9E0-6E285EADB8B0}.Release|Any CPU.ActiveCfg = Release|Any CPU
		{25142E77-E036-4162-A9E0-6E285EADB8B0}.Release|Any CPU.Build.0 = Release|Any CPU
		{073298F0-478B-4DCC-A8A1-2E11F7B9CE88}.Debug|Any CPU.ActiveCfg = Debug|Any CPU
		{073298F0-478B-4DCC-A8A1-2E11F7B9CE88}.Debug|Any CPU.Build.0 = Debug|Any CPU
		{073298F0-478B-4DCC-A8A1-2E11F7B9CE88}.Release|Any CPU.ActiveCfg = Release|Any CPU
		{073298F0-478B-4DCC-A8A1-2E11F7B9CE88}.Release|Any CPU.Build.0 = Release|Any CPU
	EndGlobalSection
	GlobalSection(SolutionProperties) = preSolution
		HideSolutionNode = FALSE
	EndGlobalSection
	GlobalSection(ExtensibilityGlobals) = postSolution
		SolutionGuid = {A1327627-F10C-4501-B974-FE348EF4A840}
	EndGlobalSection
EndGlobal
